
Microsoft Visual Studio Solution File, Format Version 12.00
# Visual Studio Version 17
VisualStudioVersion = 17.9.34728.123
MinimumVisualStudioVersion = 10.0.40219.1
Project("{FAE04EC0-301F-11D3-BF4B-00C04F79EFBC}") = "IMS", "IMS.csproj", "{AEB5C9FF-813E-40D7-81DC-7AA786D23278}"
EndProject
Global
	GlobalSection(SolutionConfigurationPlatforms) = preSolution
		Debug|Any CPU = Debug|Any CPU
		Release|Any CPU = Release|Any CPU
	EndGlobalSection
	GlobalSection(ProjectConfigurationPlatforms) = postSolution
		{AEB5C9FF-813E-40D7-81DC-7AA786D23278}.Debug|Any CPU.ActiveCfg = Debug|Any CPU
		{AEB5C9FF-813E-40D7-81DC-7AA786D23278}.Debug|Any CPU.Build.0 = Debug|Any CPU
		{AEB5C9FF-813E-40D7-81DC-7AA786D23278}.Release|Any CPU.ActiveCfg = Release|Any CPU
		{AEB5C9FF-813E-40D7-81DC-7AA786D23278}.Release|Any CPU.Build.0 = Release|Any CPU
	EndGlobalSection
	GlobalSection(SolutionProperties) = preSolution
		HideSolutionNode = FALSE
	EndGlobalSection
	GlobalSection(ExtensibilityGlobals) = postSolution
		SolutionGuid = {6679CA4F-DD49-40C0-96F6-5F5D0E0E02CD}
	EndGlobalSection
EndGlobal
